
Microsoft Visual Studio Solution File, Format Version 12.00
# Visual Studio Version 17
VisualStudioVersion = 17.7.34009.444
MinimumVisualStudioVersion = 10.0.40219.1
Project("{FAE04EC0-301F-11D3-BF4B-00C04F79EFBC}") = "AbstracFactory_RedSocial_DAO_DTO_Docker", "AbstracFactory_RedSocial_DAO_DTO_Docker\AbstracFactory_RedSocial_DAO_DTO_Docker.csproj", "{1A21A05B-7776-40B7-A71B-16DEE4FC1086}"
EndProject
Global
	GlobalSection(SolutionConfigurationPlatforms) = preSolution
		Debug|Any CPU = Debug|Any CPU
		Release|Any CPU = Release|Any CPU
	EndGlobalSection
	GlobalSection(ProjectConfigurationPlatforms) = postSolution
		{1A21A05B-7776-40B7-A71B-16DEE4FC1086}.Debug|Any CPU.ActiveCfg = Debug|Any CPU
		{1A21A05B-7776-40B7-A71B-16DEE4FC1086}.Debug|Any CPU.Build.0 = Debug|Any CPU
		{1A21A05B-7776-40B7-A71B-16DEE4FC1086}.Release|Any CPU.ActiveCfg = Release|Any CPU
		{1A21A05B-7776-40B7-A71B-16DEE4FC1086}.Release|Any CPU.Build.0 = Release|Any CPU
	EndGlobalSection
	GlobalSection(SolutionProperties) = preSolution
		HideSolutionNode = FALSE
	EndGlobalSection
	GlobalSection(ExtensibilityGlobals) = postSolution
		SolutionGuid = {80BDE840-4FE2-4701-A540-AA1B38F5FDA8}
	EndGlobalSection
EndGlobal
